// !$*UTF8*$!
{
	archiveVersion = 1;
	classes = {
	};
	objectVersion = 56;
	objects = {

/* Begin PBXBuildFile section */
		B31FB9D329265F86003A0202 /* ReactionGameApp.swift in Sources */ = {isa = PBXBuildFile; fileRef = B31FB9D229265F86003A0202 /* ReactionGameApp.swift */; };
		B31FB9D529265F86003A0202 /* ContentView.swift in Sources */ = {isa = PBXBuildFile; fileRef = B31FB9D429265F86003A0202 /* ContentView.swift */; };
		B31FB9D729265F88003A0202 /* Assets.xcassets in Resources */ = {isa = PBXBuildFile; fileRef = B31FB9D629265F88003A0202 /* Assets.xcassets */; };
		B31FB9DA29265F88003A0202 /* Preview Assets.xcassets in Resources */ = {isa = PBXBuildFile; fileRef = B31FB9D929265F88003A0202 /* Preview Assets.xcassets */; };
		B31FB9E229269C90003A0202 /* ConfettiSwiftUI in Frameworks */ = {isa = PBXBuildFile; productRef = B31FB9E129269C90003A0202 /* ConfettiSwiftUI */; };
		B31FB9E42927C43B003A0202 /* ReactionGameModel.swift in Sources */ = {isa = PBXBuildFile; fileRef = B31FB9E32927C43B003A0202 /* ReactionGameModel.swift */; };
		B35FCF38292FA8C400BBE30C /* PlayerView.swift in Sources */ = {isa = PBXBuildFile; fileRef = B35FCF37292FA8C400BBE30C /* PlayerView.swift */; };
		B35FCF3A292FA8F800BBE30C /* ButtonView.swift in Sources */ = {isa = PBXBuildFile; fileRef = B35FCF39292FA8F800BBE30C /* ButtonView.swift */; };
		B35FCF3E292FA96500BBE30C /* Player.swift in Sources */ = {isa = PBXBuildFile; fileRef = B35FCF3D292FA96500BBE30C /* Player.swift */; };
/* End PBXBuildFile section */

/* Begin PBXFileReference section */
		B31FB9CF29265F86003A0202 /* ReactionGame.app */ = {isa = PBXFileReference; explicitFileType = wrapper.application; includeInIndex = 0; path = ReactionGame.app; sourceTree = BUILT_PRODUCTS_DIR; };
		B31FB9D229265F86003A0202 /* ReactionGameApp.swift */ = {isa = PBXFileReference; lastKnownFileType = sourcecode.swift; path = ReactionGameApp.swift; sourceTree = "<group>"; };
		B31FB9D429265F86003A0202 /* ContentView.swift */ = {isa = PBXFileReference; lastKnownFileType = sourcecode.swift; path = ContentView.swift; sourceTree = "<group>"; };
		B31FB9D629265F88003A0202 /* Assets.xcassets */ = {isa = PBXFileReference; lastKnownFileType = folder.assetcatalog; path = Assets.xcassets; sourceTree = "<group>"; };
		B31FB9D929265F88003A0202 /* Preview Assets.xcassets */ = {isa = PBXFileReference; lastKnownFileType = folder.assetcatalog; path = "Preview Assets.xcassets"; sourceTree = "<group>"; };
		B31FB9E32927C43B003A0202 /* ReactionGameModel.swift */ = {isa = PBXFileReference; lastKnownFileType = sourcecode.swift; path = ReactionGameModel.swift; sourceTree = "<group>"; };
		B35FCF37292FA8C400BBE30C /* PlayerView.swift */ = {isa = PBXFileReference; lastKnownFileType = sourcecode.swift; path = PlayerView.swift; sourceTree = "<group>"; };
		B35FCF39292FA8F800BBE30C /* ButtonView.swift */ = {isa = PBXFileReference; lastKnownFileType = sourcecode.swift; path = ButtonView.swift; sourceTree = "<group>"; };
		B35FCF3D292FA96500BBE30C /* Player.swift */ = {isa = PBXFileReference; lastKnownFileType = sourcecode.swift; path = Player.swift; sourceTree = "<group>"; };
/* End PBXFileReference section */

/* Begin PBXFrameworksBuildPhase section */
		B31FB9CC29265F86003A0202 /* Frameworks */ = {
			isa = PBXFrameworksBuildPhase;
			buildActionMask = 2147483647;
			files = (
				B31FB9E229269C90003A0202 /* ConfettiSwiftUI in Frameworks */,
			);
			runOnlyForDeploymentPostprocessing = 0;
		};
/* End PBXFrameworksBuildPhase section */

/* Begin PBXGroup section */
		B31FB9C629265F86003A0202 = {
			isa = PBXGroup;
			children = (
				B31FB9D129265F86003A0202 /* ReactionGame */,
				B31FB9D029265F86003A0202 /* Products */,
			);
			sourceTree = "<group>";
		};
		B31FB9D029265F86003A0202 /* Products */ = {
			isa = PBXGroup;
			children = (
				B31FB9CF29265F86003A0202 /* ReactionGame.app */,
			);
			name = Products;
			sourceTree = "<group>";
		};
		B31FB9D129265F86003A0202 /* ReactionGame */ = {
			isa = PBXGroup;
			children = (
				B31FB9D229265F86003A0202 /* ReactionGameApp.swift */,
				B35FCF3C292FA94E00BBE30C /* Views */,
				B35FCF3B292FA94300BBE30C /* Models */,
				B31FB9D629265F88003A0202 /* Assets.xcassets */,
				B31FB9D829265F88003A0202 /* Preview Content */,
			);
			path = ReactionGame;
			sourceTree = "<group>";
		};
		B31FB9D829265F88003A0202 /* Preview Content */ = {
			isa = PBXGroup;
			children = (
				B31FB9D929265F88003A0202 /* Preview Assets.xcassets */,
			);
			path = "Preview Content";
			sourceTree = "<group>";
		};
		B35FCF3B292FA94300BBE30C /* Models */ = {
			isa = PBXGroup;
			children = (
				B31FB9E32927C43B003A0202 /* ReactionGameModel.swift */,
				B35FCF3D292FA96500BBE30C /* Player.swift */,
			);
			path = Models;
			sourceTree = "<group>";
		};
		B35FCF3C292FA94E00BBE30C /* Views */ = {
			isa = PBXGroup;
			children = (
				B35FCF39292FA8F800BBE30C /* ButtonView.swift */,
				B35FCF37292FA8C400BBE30C /* PlayerView.swift */,
				B31FB9D429265F86003A0202 /* ContentView.swift */,
			);
			path = Views;
			sourceTree = "<group>";
		};
/* End PBXGroup section */

/* Begin PBXNativeTarget section */
		B31FB9CE29265F86003A0202 /* ReactionGame */ = {
			isa = PBXNativeTarget;
			buildConfigurationList = B31FB9DD29265F88003A0202 /* Build configuration list for PBXNativeTarget "ReactionGame" */;
			buildPhases = (
				B31FB9CB29265F86003A0202 /* Sources */,
				B31FB9CC29265F86003A0202 /* Frameworks */,
				B31FB9CD29265F86003A0202 /* Resources */,
			);
			buildRules = (
			);
			dependencies = (
			);
			name = ReactionGame;
			packageProductDependencies = (
				B31FB9E129269C90003A0202 /* ConfettiSwiftUI */,
			);
			productName = ReactionGame;
			productReference = B31FB9CF29265F86003A0202 /* ReactionGame.app */;
			productType = "com.apple.product-type.application";
		};
/* End PBXNativeTarget section */

/* Begin PBXProject section */
		B31FB9C729265F86003A0202 /* Project object */ = {
			isa = PBXProject;
			attributes = {
				BuildIndependentTargetsInParallel = 1;
				LastSwiftUpdateCheck = 1400;
				LastUpgradeCheck = 1400;
				TargetAttributes = {
					B31FB9CE29265F86003A0202 = {
						CreatedOnToolsVersion = 14.0;
					};
				};
			};
			buildConfigurationList = B31FB9CA29265F86003A0202 /* Build configuration list for PBXProject "ReactionGame" */;
			compatibilityVersion = "Xcode 14.0";
			developmentRegion = en;
			hasScannedForEncodings = 0;
			knownRegions = (
				en,
				Base,
			);
			mainGroup = B31FB9C629265F86003A0202;
			packageReferences = (
				B31FB9E029269C90003A0202 /* XCRemoteSwiftPackageReference "ConfettiSwiftUI" */,
			);
			productRefGroup = B31FB9D029265F86003A0202 /* Products */;
			projectDirPath = "";
			projectRoot = "";
			targets = (
				B31FB9CE29265F86003A0202 /* ReactionGame */,
			);
		};
/* End PBXProject section */

/* Begin PBXResourcesBuildPhase section */
		B31FB9CD29265F86003A0202 /* Resources */ = {
			isa = PBXResourcesBuildPhase;
			buildActionMask = 2147483647;
			files = (
				B31FB9DA29265F88003A0202 /* Preview Assets.xcassets in Resources */,
				B31FB9D729265F88003A0202 /* Assets.xcassets in Resources */,
			);
			runOnlyForDeploymentPostprocessing = 0;
		};
/* End PBXResourcesBuildPhase section */

/* Begin PBXSourcesBuildPhase section */
		B31FB9CB29265F86003A0202 /* Sources */ = {
			isa = PBXSourcesBuildPhase;
			buildActionMask = 2147483647;
			files = (
				B31FB9E42927C43B003A0202 /* ReactionGameModel.swift in Sources */,
				B31FB9D529265F86003A0202 /* ContentView.swift in Sources */,
				B35FCF3A292FA8F800BBE30C /* ButtonView.swift in Sources */,
				B31FB9D329265F86003A0202 /* ReactionGameApp.swift in Sources */,
				B35FCF3E292FA96500BBE30C /* Player.swift in Sources */,
				B35FCF38292FA8C400BBE30C /* PlayerView.swift in Sources */,
			);
			runOnlyForDeploymentPostprocessing = 0;
		};
/* End PBXSourcesBuildPhase section */

/* Begin XCBuildConfiguration section */
		B31FB9DB29265F88003A0202 /* Debug */ = {
			isa = XCBuildConfiguration;
			buildSettings = {
				ALWAYS_SEARCH_USER_PATHS = NO;
				CLANG_ANALYZER_NONNULL = YES;
				CLANG_ANALYZER_NUMBER_OBJECT_CONVERSION = YES_AGGRESSIVE;
				CLANG_CXX_LANGUAGE_STANDARD = "gnu++20";
				CLANG_ENABLE_MODULES = YES;
				CLANG_ENABLE_OBJC_ARC = YES;
				CLANG_ENABLE_OBJC_WEAK = YES;
				CLANG_WARN_BLOCK_CAPTURE_AUTORELEASING = YES;
				CLANG_WARN_BOOL_CONVERSION = YES;
				CLANG_WARN_COMMA = YES;
				CLANG_WARN_CONSTANT_CONVERSION = YES;
				CLANG_WARN_DEPRECATED_OBJC_IMPLEMENTATIONS = YES;
				CLANG_WARN_DIRECT_OBJC_ISA_USAGE = YES_ERROR;
				CLANG_WARN_DOCUMENTATION_COMMENTS = YES;
				CLANG_WARN_EMPTY_BODY = YES;
				CLANG_WARN_ENUM_CONVERSION = YES;
				CLANG_WARN_INFINITE_RECURSION = YES;
				CLANG_WARN_INT_CONVERSION = YES;
				CLANG_WARN_NON_LITERAL_NULL_CONVERSION = YES;
				CLANG_WARN_OBJC_IMPLICIT_RETAIN_SELF = YES;
				CLANG_WARN_OBJC_LITERAL_CONVERSION = YES;
				CLANG_WARN_OBJC_ROOT_CLASS = YES_ERROR;
				CLANG_WARN_QUOTED_INCLUDE_IN_FRAMEWORK_HEADER = YES;
				CLANG_WARN_RANGE_LOOP_ANALYSIS = YES;
				CLANG_WARN_STRICT_PROTOTYPES = YES;
				CLANG_WARN_SUSPICIOUS_MOVE = YES;
				CLANG_WARN_UNGUARDED_AVAILABILITY = YES_AGGRESSIVE;
				CLANG_WARN_UNREACHABLE_CODE = YES;
				CLANG_WARN__DUPLICATE_METHOD_MATCH = YES;
				COPY_PHASE_STRIP = NO;
				DEBUG_INFORMATION_FORMAT = dwarf;
				ENABLE_STRICT_OBJC_MSGSEND = YES;
				ENABLE_TESTABILITY = YES;
				GCC_C_LANGUAGE_STANDARD = gnu11;
				GCC_DYNAMIC_NO_PIC = NO;
				GCC_NO_COMMON_BLOCKS = YES;
				GCC_OPTIMIZATION_LEVEL = 0;
				GCC_PREPROCESSOR_DEFINITIONS = (
					"DEBUG=1",
					"$(inherited)",
				);
				GCC_WARN_64_TO_32_BIT_CONVERSION = YES;
				GCC_WARN_ABOUT_RETURN_TYPE = YES_ERROR;
				GCC_WARN_UNDECLARED_SELECTOR = YES;
				GCC_WARN_UNINITIALIZED_AUTOS = YES_AGGRESSIVE;
				GCC_WARN_UNUSED_FUNCTION = YES;
				GCC_WARN_UNUSED_VARIABLE = YES;
				IPHONEOS_DEPLOYMENT_TARGET = 15.0;
				MTL_ENABLE_DEBUG_INFO = INCLUDE_SOURCE;
				MTL_FAST_MATH = YES;
				ONLY_ACTIVE_ARCH = YES;
				SDKROOT = iphoneos;
				SWIFT_ACTIVE_COMPILATION_CONDITIONS = DEBUG;
				SWIFT_OPTIMIZATION_LEVEL = "-Onone";
			};
			name = Debug;
		};
		B31FB9DC29265F88003A0202 /* Release */ = {
			isa = XCBuildConfiguration;
			buildSettings = {
				ALWAYS_SEARCH_USER_PATHS = NO;
				CLANG_ANALYZER_NONNULL = YES;
				CLANG_ANALYZER_NUMBER_OBJECT_CONVERSION = YES_AGGRESSIVE;
				CLANG_CXX_LANGUAGE_STANDARD = "gnu++20";
				CLANG_ENABLE_MODULES = YES;
				CLANG_ENABLE_OBJC_ARC = YES;
				CLANG_ENABLE_OBJC_WEAK = YES;
				CLANG_WARN_BLOCK_CAPTURE_AUTORELEASING = YES;
				CLANG_WARN_BOOL_CONVERSION = YES;
				CLANG_WARN_COMMA = YES;
				CLANG_WARN_CONSTANT_CONVERSION = YES;
				CLANG_WARN_DEPRECATED_OBJC_IMPLEMENTATIONS = YES;
				CLANG_WARN_DIRECT_OBJC_ISA_USAGE = YES_ERROR;
				CLANG_WARN_DOCUMENTATION_COMMENTS = YES;
				CLANG_WARN_EMPTY_BODY = YES;
				CLANG_WARN_ENUM_CONVERSION = YES;
				CLANG_WARN_INFINITE_RECURSION = YES;
				CLANG_WARN_INT_CONVERSION = YES;
				CLANG_WARN_NON_LITERAL_NULL_CONVERSION = YES;
				CLANG_WARN_OBJC_IMPLICIT_RETAIN_SELF = YES;
				CLANG_WARN_OBJC_LITERAL_CONVERSION = YES;
				CLANG_WARN_OBJC_ROOT_CLASS = YES_ERROR;
				CLANG_WARN_QUOTED_INCLUDE_IN_FRAMEWORK_HEADER = YES;
				CLANG_WARN_RANGE_LOOP_ANALYSIS = YES;
				CLANG_WARN_STRICT_PROTOTYPES = YES;
				CLANG_WARN_SUSPICIOUS_MOVE = YES;
				CLANG_WARN_UNGUARDED_AVAILABILITY = YES_AGGRESSIVE;
				CLANG_WARN_UNREACHABLE_CODE = YES;
				CLANG_WARN__DUPLICATE_METHOD_MATCH = YES;
				COPY_PHASE_STRIP = NO;
				DEBUG_INFORMATION_FORMAT = "dwarf-with-dsym";
				ENABLE_NS_ASSERTIONS = NO;
				ENABLE_STRICT_OBJC_MSGSEND = YES;
				GCC_C_LANGUAGE_STANDARD = gnu11;
				GCC_NO_COMMON_BLOCKS = YES;
				GCC_WARN_64_TO_32_BIT_CONVERSION = YES;
				GCC_WARN_ABOUT_RETURN_TYPE = YES_ERROR;
				GCC_WARN_UNDECLARED_SELECTOR = YES;
				GCC_WARN_UNINITIALIZED_AUTOS = YES_AGGRESSIVE;
				GCC_WARN_UNUSED_FUNCTION = YES;
				GCC_WARN_UNUSED_VARIABLE = YES;
				IPHONEOS_DEPLOYMENT_TARGET = 15.0;
				MTL_ENABLE_DEBUG_INFO = NO;
				MTL_FAST_MATH = YES;
				SDKROOT = iphoneos;
				SWIFT_COMPILATION_MODE = wholemodule;
				SWIFT_OPTIMIZATION_LEVEL = "-O";
				VALIDATE_PRODUCT = YES;
			};
			name = Release;
		};
		B31FB9DE29265F88003A0202 /* Debug */ = {
			isa = XCBuildConfiguration;
			buildSettings = {
				ASSETCATALOG_COMPILER_APPICON_NAME = AppIcon;
				ASSETCATALOG_COMPILER_GLOBAL_ACCENT_COLOR_NAME = AccentColor;
				CODE_SIGN_IDENTITY = "Apple Development";
				CODE_SIGN_STYLE = Automatic;
				CURRENT_PROJECT_VERSION = 1;
				DEVELOPMENT_ASSET_PATHS = "\"ReactionGame/Preview Content\"";
				DEVELOPMENT_TEAM = DLF882JW28;
				ENABLE_PREVIEWS = YES;
				GENERATE_INFOPLIST_FILE = YES;
				INFOPLIST_KEY_UIApplicationSceneManifest_Generation = YES;
				INFOPLIST_KEY_UIApplicationSupportsIndirectInputEvents = YES;
				INFOPLIST_KEY_UILaunchScreen_Generation = YES;
				INFOPLIST_KEY_UISupportedInterfaceOrientations = "UIInterfaceOrientationLandscapeLeft UIInterfaceOrientationLandscapeRight";
				LD_RUNPATH_SEARCH_PATHS = (
					"$(inherited)",
					"@executable_path/Frameworks",
				);
				MARKETING_VERSION = 1.0;
				PRODUCT_BUNDLE_IDENTIFIER = danielhogl.at.ReactionGame;
				PRODUCT_NAME = "$(TARGET_NAME)";
				PROVISIONING_PROFILE_SPECIFIER = "";
				SUPPORTED_PLATFORMS = "iphoneos iphonesimulator";
				SUPPORTS_MACCATALYST = NO;
				SUPPORTS_MAC_DESIGNED_FOR_IPHONE_IPAD = NO;
				SWIFT_EMIT_LOC_STRINGS = YES;
				SWIFT_VERSION = 5.0;
				TARGETED_DEVICE_FAMILY = "1,2";
			};
			name = Debug;
		};
		B31FB9DF29265F88003A0202 /* Release */ = {
			isa = XCBuildConfiguration;
			buildSettings = {
				ASSETCATALOG_COMPILER_APPICON_NAME = AppIcon;
				ASSETCATALOG_COMPILER_GLOBAL_ACCENT_COLOR_NAME = AccentColor;
				CODE_SIGN_IDENTITY = "Apple Development";
				CODE_SIGN_STYLE = Automatic;
				CURRENT_PROJECT_VERSION = 1;
				DEVELOPMENT_ASSET_PATHS = "\"ReactionGame/Preview Content\"";
				DEVELOPMENT_TEAM = DLF882JW28;
				ENABLE_PREVIEWS = YES;
				GENERATE_INFOPLIST_FILE = YES;
				INFOPLIST_KEY_UIApplicationSceneManifest_Generation = YES;
				INFOPLIST_KEY_UIApplicationSupportsIndirectInputEvents = YES;
				INFOPLIST_KEY_UILaunchScreen_Generation = YES;
				INFOPLIST_KEY_UISupportedInterfaceOrientations = "UIInterfaceOrientationLandscapeLeft UIInterfaceOrientationLandscapeRight";
				LD_RUNPATH_SEARCH_PATHS = (
					"$(inherited)",
					"@executable_path/Frameworks",
				);
				MARKETING_VERSION = 1.0;
				PRODUCT_BUNDLE_IDENTIFIER = danielhogl.at.ReactionGame;
				PRODUCT_NAME = "$(TARGET_NAME)";
				PROVISIONING_PROFILE_SPECIFIER = "";
				SUPPORTED_PLATFORMS = "iphoneos iphonesimulator";
				SUPPORTS_MACCATALYST = NO;
				SUPPORTS_MAC_DESIGNED_FOR_IPHONE_IPAD = NO;
				SWIFT_EMIT_LOC_STRINGS = YES;
				SWIFT_VERSION = 5.0;
				TARGETED_DEVICE_FAMILY = "1,2";
			};
			name = Release;
		};
/* End XCBuildConfiguration section */

/* Begin XCConfigurationList section */
		B31FB9CA29265F86003A0202 /* Build configuration list for PBXProject "ReactionGame" */ = {
			isa = XCConfigurationList;
			buildConfigurations = (
				B31FB9DB29265F88003A0202 /* Debug */,
				B31FB9DC29265F88003A0202 /* Release */,
			);
			defaultConfigurationIsVisible = 0;
			defaultConfigurationName = Release;
		};
		B31FB9DD29265F88003A0202 /* Build configuration list for PBXNativeTarget "ReactionGame" */ = {
			isa = XCConfigurationList;
			buildConfigurations = (
				B31FB9DE29265F88003A0202 /* Debug */,
				B31FB9DF29265F88003A0202 /* Release */,
			);
			defaultConfigurationIsVisible = 0;
			defaultConfigurationName = Release;
		};
/* End XCConfigurationList section */

/* Begin XCRemoteSwiftPackageReference section */
		B31FB9E029269C90003A0202 /* XCRemoteSwiftPackageReference "ConfettiSwiftUI" */ = {
			isa = XCRemoteSwiftPackageReference;
			repositoryURL = "https://github.com/simibac/ConfettiSwiftUI.git";
			requirement = {
				kind = upToNextMajorVersion;
				minimumVersion = 1.0.0;
			};
		};
/* End XCRemoteSwiftPackageReference section */

/* Begin XCSwiftPackageProductDependency section */
		B31FB9E129269C90003A0202 /* ConfettiSwiftUI */ = {
			isa = XCSwiftPackageProductDependency;
			package = B31FB9E029269C90003A0202 /* XCRemoteSwiftPackageReference "ConfettiSwiftUI" */;
			productName = ConfettiSwiftUI;
		};
/* End XCSwiftPackageProductDependency section */
	};
	rootObject = B31FB9C729265F86003A0202 /* Project object */;
}
